// !$*UTF8*$!
{
	archiveVersion = 1;
	classes = {
	};
	objectVersion = 55;
	objects = {

/* Begin PBXBuildFile section */
		0A87F099AD00BA98BF5551D4 /* Pods_ShoppingApp.framework in Frameworks */ = {isa = PBXBuildFile; fileRef = 7E184CF44FA3B0B364966F04 /* Pods_ShoppingApp.framework */; };
		2B3F25D72746B85100C75735 /* Constant.swift in Sources */ = {isa = PBXBuildFile; fileRef = 2B3F25D62746B85100C75735 /* Constant.swift */; };
		2BF784BC2720239400516022 /* VisionViewController.swift in Sources */ = {isa = PBXBuildFile; fileRef = 2BF784BB2720239400516022 /* VisionViewController.swift */; };
		80707A4D2711A37B00C2ABC9 /* AppDelegate.swift in Sources */ = {isa = PBXBuildFile; fileRef = 80707A4C2711A37B00C2ABC9 /* AppDelegate.swift */; };
		80707A4F2711A37B00C2ABC9 /* SceneDelegate.swift in Sources */ = {isa = PBXBuildFile; fileRef = 80707A4E2711A37B00C2ABC9 /* SceneDelegate.swift */; };
		80707A512711A37B00C2ABC9 /* HomeViewController.swift in Sources */ = {isa = PBXBuildFile; fileRef = 80707A502711A37B00C2ABC9 /* HomeViewController.swift */; };
		80707A562711A37D00C2ABC9 /* Assets.xcassets in Resources */ = {isa = PBXBuildFile; fileRef = 80707A552711A37D00C2ABC9 /* Assets.xcassets */; };
		80707A592711A37D00C2ABC9 /* LaunchScreen.storyboard in Resources */ = {isa = PBXBuildFile; fileRef = 80707A572711A37D00C2ABC9 /* LaunchScreen.storyboard */; };
		80707A682711A4ED00C2ABC9 /* TabBarViewController.swift in Sources */ = {isa = PBXBuildFile; fileRef = 80707A672711A4ED00C2ABC9 /* TabBarViewController.swift */; };
		80707A6A2711A6A900C2ABC9 /* SearchViewController.swift in Sources */ = {isa = PBXBuildFile; fileRef = 80707A692711A6A900C2ABC9 /* SearchViewController.swift */; };
		80707A6C2711A6C200C2ABC9 /* ShoppingCartViewController.swift in Sources */ = {isa = PBXBuildFile; fileRef = 80707A6B2711A6C200C2ABC9 /* ShoppingCartViewController.swift */; };
		80707A6E2711F5A000C2ABC9 /* Ext.swift in Sources */ = {isa = PBXBuildFile; fileRef = 80707A6D2711F5A000C2ABC9 /* Ext.swift */; };
		809246342714E39B00BAD181 /* APICaller.swift in Sources */ = {isa = PBXBuildFile; fileRef = 809246332714E39B00BAD181 /* APICaller.swift */; };
		809246362714E4B300BAD181 /* APIResponce.swift in Sources */ = {isa = PBXBuildFile; fileRef = 809246352714E4B300BAD181 /* APIResponce.swift */; };
		809246392714F62000BAD181 /* ResturentResponceViewModel.swift in Sources */ = {isa = PBXBuildFile; fileRef = 809246382714F62000BAD181 /* ResturentResponceViewModel.swift */; };
		8092463B2714FBB800BAD181 /* data.json in Resources */ = {isa = PBXBuildFile; fileRef = 8092463A2714FBB800BAD181 /* data.json */; };
/* End PBXBuildFile section */

/* Begin PBXFileReference section */
		2B3F25D62746B85100C75735 /* Constant.swift */ = {isa = PBXFileReference; lastKnownFileType = sourcecode.swift; path = Constant.swift; sourceTree = "<group>"; };
		2BF784BB2720239400516022 /* VisionViewController.swift */ = {isa = PBXFileReference; lastKnownFileType = sourcecode.swift; path = VisionViewController.swift; sourceTree = "<group>"; };
		5711995491BCC2EEB4F5A37F /* Pods-ShoppingApp.debug.xcconfig */ = {isa = PBXFileReference; includeInIndex = 1; lastKnownFileType = text.xcconfig; name = "Pods-ShoppingApp.debug.xcconfig"; path = "Target Support Files/Pods-ShoppingApp/Pods-ShoppingApp.debug.xcconfig"; sourceTree = "<group>"; };
		7E184CF44FA3B0B364966F04 /* Pods_ShoppingApp.framework */ = {isa = PBXFileReference; explicitFileType = wrapper.framework; includeInIndex = 0; path = Pods_ShoppingApp.framework; sourceTree = BUILT_PRODUCTS_DIR; };
		80707A492711A37B00C2ABC9 /* ShoppingApp.app */ = {isa = PBXFileReference; explicitFileType = wrapper.application; includeInIndex = 0; path = ShoppingApp.app; sourceTree = BUILT_PRODUCTS_DIR; };
		80707A4C2711A37B00C2ABC9 /* AppDelegate.swift */ = {isa = PBXFileReference; lastKnownFileType = sourcecode.swift; path = AppDelegate.swift; sourceTree = "<group>"; };
		80707A4E2711A37B00C2ABC9 /* SceneDelegate.swift */ = {isa = PBXFileReference; lastKnownFileType = sourcecode.swift; path = SceneDelegate.swift; sourceTree = "<group>"; };
		80707A502711A37B00C2ABC9 /* HomeViewController.swift */ = {isa = PBXFileReference; lastKnownFileType = sourcecode.swift; path = HomeViewController.swift; sourceTree = "<group>"; };
		80707A552711A37D00C2ABC9 /* Assets.xcassets */ = {isa = PBXFileReference; lastKnownFileType = folder.assetcatalog; path = Assets.xcassets; sourceTree = "<group>"; };
		80707A582711A37D00C2ABC9 /* Base */ = {isa = PBXFileReference; lastKnownFileType = file.storyboard; name = Base; path = Base.lproj/LaunchScreen.storyboard; sourceTree = "<group>"; };
		80707A5A2711A37D00C2ABC9 /* Info.plist */ = {isa = PBXFileReference; lastKnownFileType = text.plist.xml; path = Info.plist; sourceTree = "<group>"; };
		80707A672711A4ED00C2ABC9 /* TabBarViewController.swift */ = {isa = PBXFileReference; lastKnownFileType = sourcecode.swift; path = TabBarViewController.swift; sourceTree = "<group>"; };
		80707A692711A6A900C2ABC9 /* SearchViewController.swift */ = {isa = PBXFileReference; lastKnownFileType = sourcecode.swift; path = SearchViewController.swift; sourceTree = "<group>"; };
		80707A6B2711A6C200C2ABC9 /* ShoppingCartViewController.swift */ = {isa = PBXFileReference; lastKnownFileType = sourcecode.swift; path = ShoppingCartViewController.swift; sourceTree = "<group>"; };
		80707A6D2711F5A000C2ABC9 /* Ext.swift */ = {isa = PBXFileReference; lastKnownFileType = sourcecode.swift; path = Ext.swift; sourceTree = "<group>"; };
		809246332714E39B00BAD181 /* APICaller.swift */ = {isa = PBXFileReference; lastKnownFileType = sourcecode.swift; path = APICaller.swift; sourceTree = "<group>"; };
		809246352714E4B300BAD181 /* APIResponce.swift */ = {isa = PBXFileReference; lastKnownFileType = sourcecode.swift; path = APIResponce.swift; sourceTree = "<group>"; };
		809246382714F62000BAD181 /* ResturentResponceViewModel.swift */ = {isa = PBXFileReference; lastKnownFileType = sourcecode.swift; path = ResturentResponceViewModel.swift; sourceTree = "<group>"; };
		8092463A2714FBB800BAD181 /* data.json */ = {isa = PBXFileReference; fileEncoding = 4; lastKnownFileType = text.json; path = data.json; sourceTree = "<group>"; };
		9E839F06E4AE29CEDEE330BB /* Pods-ShoppingApp.release.xcconfig */ = {isa = PBXFileReference; includeInIndex = 1; lastKnownFileType = text.xcconfig; name = "Pods-ShoppingApp.release.xcconfig"; path = "Target Support Files/Pods-ShoppingApp/Pods-ShoppingApp.release.xcconfig"; sourceTree = "<group>"; };
/* End PBXFileReference section */

/* Begin PBXFrameworksBuildPhase section */
		80707A462711A37B00C2ABC9 /* Frameworks */ = {
			isa = PBXFrameworksBuildPhase;
			buildActionMask = 2147483647;
			files = (
				0A87F099AD00BA98BF5551D4 /* Pods_ShoppingApp.framework in Frameworks */,
			);
			runOnlyForDeploymentPostprocessing = 0;
		};
/* End PBXFrameworksBuildPhase section */

/* Begin PBXGroup section */
		1B3843CC597474D377BF3EDA /* Pods */ = {
			isa = PBXGroup;
			children = (
				5711995491BCC2EEB4F5A37F /* Pods-ShoppingApp.debug.xcconfig */,
				9E839F06E4AE29CEDEE330BB /* Pods-ShoppingApp.release.xcconfig */,
			);
			path = Pods;
			sourceTree = "<group>";
		};
		38352B71AB5029C9653C39B7 /* Frameworks */ = {
			isa = PBXGroup;
			children = (
				7E184CF44FA3B0B364966F04 /* Pods_ShoppingApp.framework */,
			);
			name = Frameworks;
			sourceTree = "<group>";
		};
		80707A402711A37B00C2ABC9 = {
			isa = PBXGroup;
			children = (
				80707A4B2711A37B00C2ABC9 /* ShoppingApp */,
				80707A4A2711A37B00C2ABC9 /* Products */,
				1B3843CC597474D377BF3EDA /* Pods */,
				38352B71AB5029C9653C39B7 /* Frameworks */,
			);
			sourceTree = "<group>";
		};
		80707A4A2711A37B00C2ABC9 /* Products */ = {
			isa = PBXGroup;
			children = (
				80707A492711A37B00C2ABC9 /* ShoppingApp.app */,
			);
			name = Products;
			sourceTree = "<group>";
		};
		80707A4B2711A37B00C2ABC9 /* ShoppingApp */ = {
			isa = PBXGroup;
			children = (
				809246372714F60A00BAD181 /* ViewModels */,
				809246322714E38500BAD181 /* Managers */,
				80707A632711A3ED00C2ABC9 /* Misc */,
				80707A622711A39F00C2ABC9 /* Models */,
				80707A612711A39200C2ABC9 /* Views */,
				80707A602711A38200C2ABC9 /* Controllers */,
				80707A5A2711A37D00C2ABC9 /* Info.plist */,
			);
			path = ShoppingApp;
			sourceTree = "<group>";
		};
		80707A602711A38200C2ABC9 /* Controllers */ = {
			isa = PBXGroup;
			children = (
				80707A642711A47300C2ABC9 /* Others */,
				80707A502711A37B00C2ABC9 /* HomeViewController.swift */,
				80707A692711A6A900C2ABC9 /* SearchViewController.swift */,
				80707A6B2711A6C200C2ABC9 /* ShoppingCartViewController.swift */,
				2BF784BB2720239400516022 /* VisionViewController.swift */,
			);
			path = Controllers;
			sourceTree = "<group>";
		};
		80707A612711A39200C2ABC9 /* Views */ = {
			isa = PBXGroup;
			children = (
				80707A572711A37D00C2ABC9 /* LaunchScreen.storyboard */,
			);
			path = Views;
			sourceTree = "<group>";
		};
		80707A622711A39F00C2ABC9 /* Models */ = {
			isa = PBXGroup;
			children = (
				8092463A2714FBB800BAD181 /* data.json */,
				809246352714E4B300BAD181 /* APIResponce.swift */,
			);
			path = Models;
			sourceTree = "<group>";
		};
		80707A632711A3ED00C2ABC9 /* Misc */ = {
			isa = PBXGroup;
			children = (
				80707A552711A37D00C2ABC9 /* Assets.xcassets */,
				80707A4E2711A37B00C2ABC9 /* SceneDelegate.swift */,
				80707A4C2711A37B00C2ABC9 /* AppDelegate.swift */,
				80707A6D2711F5A000C2ABC9 /* Ext.swift */,
			);
			path = Misc;
			sourceTree = "<group>";
		};
		80707A642711A47300C2ABC9 /* Others */ = {
			isa = PBXGroup;
			children = (
				80707A672711A4ED00C2ABC9 /* TabBarViewController.swift */,
			);
			path = Others;
			sourceTree = "<group>";
		};
		809246322714E38500BAD181 /* Managers */ = {
			isa = PBXGroup;
			children = (
				809246332714E39B00BAD181 /* APICaller.swift */,
				2B3F25D62746B85100C75735 /* Constant.swift */,
			);
			path = Managers;
			sourceTree = "<group>";
		};
		809246372714F60A00BAD181 /* ViewModels */ = {
			isa = PBXGroup;
			children = (
				809246382714F62000BAD181 /* ResturentResponceViewModel.swift */,
			);
			path = ViewModels;
			sourceTree = "<group>";
		};
/* End PBXGroup section */

/* Begin PBXNativeTarget section */
		80707A482711A37B00C2ABC9 /* ShoppingApp */ = {
			isa = PBXNativeTarget;
			buildConfigurationList = 80707A5D2711A37D00C2ABC9 /* Build configuration list for PBXNativeTarget "ShoppingApp" */;
			buildPhases = (
				1850213E740DE09507C7705B /* [CP] Check Pods Manifest.lock */,
				80707A452711A37B00C2ABC9 /* Sources */,
				80707A462711A37B00C2ABC9 /* Frameworks */,
				80707A472711A37B00C2ABC9 /* Resources */,
				7C3B0FE0D7A118E50C6644D3 /* [CP] Embed Pods Frameworks */,
			);
			buildRules = (
			);
			dependencies = (
			);
			name = ShoppingApp;
			productName = ShoppingApp;
			productReference = 80707A492711A37B00C2ABC9 /* ShoppingApp.app */;
			productType = "com.apple.product-type.application";
		};
/* End PBXNativeTarget section */

/* Begin PBXProject section */
		80707A412711A37B00C2ABC9 /* Project object */ = {
			isa = PBXProject;
			attributes = {
				BuildIndependentTargetsInParallel = 1;
				LastSwiftUpdateCheck = 1300;
				LastUpgradeCheck = 1300;
				TargetAttributes = {
					80707A482711A37B00C2ABC9 = {
						CreatedOnToolsVersion = 13.0;
					};
				};
			};
			buildConfigurationList = 80707A442711A37B00C2ABC9 /* Build configuration list for PBXProject "ShoppingApp" */;
			compatibilityVersion = "Xcode 13.0";
			developmentRegion = en;
			hasScannedForEncodings = 0;
			knownRegions = (
				en,
				Base,
			);
			mainGroup = 80707A402711A37B00C2ABC9;
			productRefGroup = 80707A4A2711A37B00C2ABC9 /* Products */;
			projectDirPath = "";
			projectRoot = "";
			targets = (
				80707A482711A37B00C2ABC9 /* ShoppingApp */,
			);
		};
/* End PBXProject section */

/* Begin PBXResourcesBuildPhase section */
		80707A472711A37B00C2ABC9 /* Resources */ = {
			isa = PBXResourcesBuildPhase;
			buildActionMask = 2147483647;
			files = (
				80707A592711A37D00C2ABC9 /* LaunchScreen.storyboard in Resources */,
				8092463B2714FBB800BAD181 /* data.json in Resources */,
				80707A562711A37D00C2ABC9 /* Assets.xcassets in Resources */,
			);
			runOnlyForDeploymentPostprocessing = 0;
		};
/* End PBXResourcesBuildPhase section */

/* Begin PBXShellScriptBuildPhase section */
		1850213E740DE09507C7705B /* [CP] Check Pods Manifest.lock */ = {
			isa = PBXShellScriptBuildPhase;
			buildActionMask = 2147483647;
			files = (
			);
			inputFileListPaths = (
			);
			inputPaths = (
				"${PODS_PODFILE_DIR_PATH}/Podfile.lock",
				"${PODS_ROOT}/Manifest.lock",
			);
			name = "[CP] Check Pods Manifest.lock";
			outputFileListPaths = (
			);
			outputPaths = (
				"$(DERIVED_FILE_DIR)/Pods-ShoppingApp-checkManifestLockResult.txt",
			);
			runOnlyForDeploymentPostprocessing = 0;
			shellPath = /bin/sh;
			shellScript = "diff \"${PODS_PODFILE_DIR_PATH}/Podfile.lock\" \"${PODS_ROOT}/Manifest.lock\" > /dev/null\nif [ $? != 0 ] ; then\n    # print error to STDERR\n    echo \"error: The sandbox is not in sync with the Podfile.lock. Run 'pod install' or update your CocoaPods installation.\" >&2\n    exit 1\nfi\n# This output is used by Xcode 'outputs' to avoid re-running this script phase.\necho \"SUCCESS\" > \"${SCRIPT_OUTPUT_FILE_0}\"\n";
			showEnvVarsInLog = 0;
		};
		7C3B0FE0D7A118E50C6644D3 /* [CP] Embed Pods Frameworks */ = {
			isa = PBXShellScriptBuildPhase;
			buildActionMask = 2147483647;
			files = (
			);
			inputFileListPaths = (
				"${PODS_ROOT}/Target Support Files/Pods-ShoppingApp/Pods-ShoppingApp-frameworks-${CONFIGURATION}-input-files.xcfilelist",
			);
			name = "[CP] Embed Pods Frameworks";
			outputFileListPaths = (
				"${PODS_ROOT}/Target Support Files/Pods-ShoppingApp/Pods-ShoppingApp-frameworks-${CONFIGURATION}-output-files.xcfilelist",
			);
			runOnlyForDeploymentPostprocessing = 0;
			shellPath = /bin/sh;
			shellScript = "\"${PODS_ROOT}/Target Support Files/Pods-ShoppingApp/Pods-ShoppingApp-frameworks.sh\"\n";
			showEnvVarsInLog = 0;
		};
/* End PBXShellScriptBuildPhase section */

/* Begin PBXSourcesBuildPhase section */
		80707A452711A37B00C2ABC9 /* Sources */ = {
			isa = PBXSourcesBuildPhase;
			buildActionMask = 2147483647;
			files = (
				809246362714E4B300BAD181 /* APIResponce.swift in Sources */,
				80707A6A2711A6A900C2ABC9 /* SearchViewController.swift in Sources */,
				2BF784BC2720239400516022 /* VisionViewController.swift in Sources */,
				80707A682711A4ED00C2ABC9 /* TabBarViewController.swift in Sources */,
				80707A6C2711A6C200C2ABC9 /* ShoppingCartViewController.swift in Sources */,
				80707A512711A37B00C2ABC9 /* HomeViewController.swift in Sources */,
				80707A4D2711A37B00C2ABC9 /* AppDelegate.swift in Sources */,
				80707A4F2711A37B00C2ABC9 /* SceneDelegate.swift in Sources */,
				80707A6E2711F5A000C2ABC9 /* Ext.swift in Sources */,
				809246392714F62000BAD181 /* ResturentResponceViewModel.swift in Sources */,
				809246342714E39B00BAD181 /* APICaller.swift in Sources */,
				2B3F25D72746B85100C75735 /* Constant.swift in Sources */,
			);
			runOnlyForDeploymentPostprocessing = 0;
		};
/* End PBXSourcesBuildPhase section */

/* Begin PBXVariantGroup section */
		80707A572711A37D00C2ABC9 /* LaunchScreen.storyboard */ = {
			isa = PBXVariantGroup;
			children = (
				80707A582711A37D00C2ABC9 /* Base */,
			);
			name = LaunchScreen.storyboard;
			sourceTree = "<group>";
		};
/* End PBXVariantGroup section */

/* Begin XCBuildConfiguration section */
		80707A5B2711A37D00C2ABC9 /* Debug */ = {
			isa = XCBuildConfiguration;
			buildSettings = {
				ALWAYS_SEARCH_USER_PATHS = NO;
				CLANG_ANALYZER_NONNULL = YES;
				CLANG_ANALYZER_NUMBER_OBJECT_CONVERSION = YES_AGGRESSIVE;
				CLANG_CXX_LANGUAGE_STANDARD = "gnu++17";
				CLANG_CXX_LIBRARY = "libc++";
				CLANG_ENABLE_MODULES = YES;
				CLANG_ENABLE_OBJC_ARC = YES;
				CLANG_ENABLE_OBJC_WEAK = YES;
				CLANG_WARN_BLOCK_CAPTURE_AUTORELEASING = YES;
				CLANG_WARN_BOOL_CONVERSION = YES;
				CLANG_WARN_COMMA = YES;
				CLANG_WARN_CONSTANT_CONVERSION = YES;
				CLANG_WARN_DEPRECATED_OBJC_IMPLEMENTATIONS = YES;
				CLANG_WARN_DIRECT_OBJC_ISA_USAGE = YES_ERROR;
				CLANG_WARN_DOCUMENTATION_COMMENTS = YES;
				CLANG_WARN_EMPTY_BODY = YES;
				CLANG_WARN_ENUM_CONVERSION = YES;
				CLANG_WARN_INFINITE_RECURSION = YES;
				CLANG_WARN_INT_CONVERSION = YES;
				CLANG_WARN_NON_LITERAL_NULL_CONVERSION = YES;
				CLANG_WARN_OBJC_IMPLICIT_RETAIN_SELF = YES;
				CLANG_WARN_OBJC_LITERAL_CONVERSION = YES;
				CLANG_WARN_OBJC_ROOT_CLASS = YES_ERROR;
				CLANG_WARN_QUOTED_INCLUDE_IN_FRAMEWORK_HEADER = YES;
				CLANG_WARN_RANGE_LOOP_ANALYSIS = YES;
				CLANG_WARN_STRICT_PROTOTYPES = YES;
				CLANG_WARN_SUSPICIOUS_MOVE = YES;
				CLANG_WARN_UNGUARDED_AVAILABILITY = YES_AGGRESSIVE;
				CLANG_WARN_UNREACHABLE_CODE = YES;
				CLANG_WARN__DUPLICATE_METHOD_MATCH = YES;
				COPY_PHASE_STRIP = NO;
				DEBUG_INFORMATION_FORMAT = dwarf;
				ENABLE_STRICT_OBJC_MSGSEND = YES;
				ENABLE_TESTABILITY = YES;
				GCC_C_LANGUAGE_STANDARD = gnu11;
				GCC_DYNAMIC_NO_PIC = NO;
				GCC_NO_COMMON_BLOCKS = YES;
				GCC_OPTIMIZATION_LEVEL = 0;
				GCC_PREPROCESSOR_DEFINITIONS = (
					"DEBUG=1",
					"$(inherited)",
				);
				GCC_WARN_64_TO_32_BIT_CONVERSION = YES;
				GCC_WARN_ABOUT_RETURN_TYPE = YES_ERROR;
				GCC_WARN_UNDECLARED_SELECTOR = YES;
				GCC_WARN_UNINITIALIZED_AUTOS = YES_AGGRESSIVE;
				GCC_WARN_UNUSED_FUNCTION = YES;
				GCC_WARN_UNUSED_VARIABLE = YES;
				IPHONEOS_DEPLOYMENT_TARGET = 15.0;
				MTL_ENABLE_DEBUG_INFO = INCLUDE_SOURCE;
				MTL_FAST_MATH = YES;
				ONLY_ACTIVE_ARCH = YES;
				SDKROOT = iphoneos;
				SWIFT_ACTIVE_COMPILATION_CONDITIONS = DEBUG;
				SWIFT_OPTIMIZATION_LEVEL = "-Onone";
			};
			name = Debug;
		};
		80707A5C2711A37D00C2ABC9 /* Release */ = {
			isa = XCBuildConfiguration;
			buildSettings = {
				ALWAYS_SEARCH_USER_PATHS = NO;
				CLANG_ANALYZER_NONNULL = YES;
				CLANG_ANALYZER_NUMBER_OBJECT_CONVERSION = YES_AGGRESSIVE;
				CLANG_CXX_LANGUAGE_STANDARD = "gnu++17";
				CLANG_CXX_LIBRARY = "libc++";
				CLANG_ENABLE_MODULES = YES;
				CLANG_ENABLE_OBJC_ARC = YES;
				CLANG_ENABLE_OBJC_WEAK = YES;
				CLANG_WARN_BLOCK_CAPTURE_AUTORELEASING = YES;
				CLANG_WARN_BOOL_CONVERSION = YES;
				CLANG_WARN_COMMA = YES;
				CLANG_WARN_CONSTANT_CONVERSION = YES;
				CLANG_WARN_DEPRECATED_OBJC_IMPLEMENTATIONS = YES;
				CLANG_WARN_DIRECT_OBJC_ISA_USAGE = YES_ERROR;
				CLANG_WARN_DOCUMENTATION_COMMENTS = YES;
				CLANG_WARN_EMPTY_BODY = YES;
				CLANG_WARN_ENUM_CONVERSION = YES;
				CLANG_WARN_INFINITE_RECURSION = YES;
				CLANG_WARN_INT_CONVERSION = YES;
				CLANG_WARN_NON_LITERAL_NULL_CONVERSION = YES;
				CLANG_WARN_OBJC_IMPLICIT_RETAIN_SELF = YES;
				CLANG_WARN_OBJC_LITERAL_CONVERSION = YES;
				CLANG_WARN_OBJC_ROOT_CLASS = YES_ERROR;
				CLANG_WARN_QUOTED_INCLUDE_IN_FRAMEWORK_HEADER = YES;
				CLANG_WARN_RANGE_LOOP_ANALYSIS = YES;
				CLANG_WARN_STRICT_PROTOTYPES = YES;
				CLANG_WARN_SUSPICIOUS_MOVE = YES;
				CLANG_WARN_UNGUARDED_AVAILABILITY = YES_AGGRESSIVE;
				CLANG_WARN_UNREACHABLE_CODE = YES;
				CLANG_WARN__DUPLICATE_METHOD_MATCH = YES;
				COPY_PHASE_STRIP = NO;
				DEBUG_INFORMATION_FORMAT = "dwarf-with-dsym";
				ENABLE_NS_ASSERTIONS = NO;
				ENABLE_STRICT_OBJC_MSGSEND = YES;
				GCC_C_LANGUAGE_STANDARD = gnu11;
				GCC_NO_COMMON_BLOCKS = YES;
				GCC_WARN_64_TO_32_BIT_CONVERSION = YES;
				GCC_WARN_ABOUT_RETURN_TYPE = YES_ERROR;
				GCC_WARN_UNDECLARED_SELECTOR = YES;
				GCC_WARN_UNINITIALIZED_AUTOS = YES_AGGRESSIVE;
				GCC_WARN_UNUSED_FUNCTION = YES;
				GCC_WARN_UNUSED_VARIABLE = YES;
				IPHONEOS_DEPLOYMENT_TARGET = 15.0;
				MTL_ENABLE_DEBUG_INFO = NO;
				MTL_FAST_MATH = YES;
				SDKROOT = iphoneos;
				SWIFT_COMPILATION_MODE = wholemodule;
				SWIFT_OPTIMIZATION_LEVEL = "-O";
				VALIDATE_PRODUCT = YES;
			};
			name = Release;
		};
		80707A5E2711A37D00C2ABC9 /* Debug */ = {
			isa = XCBuildConfiguration;
			baseConfigurationReference = 5711995491BCC2EEB4F5A37F /* Pods-ShoppingApp.debug.xcconfig */;
			buildSettings = {
				ASSETCATALOG_COMPILER_APPICON_NAME = AppIcon;
				ASSETCATALOG_COMPILER_GLOBAL_ACCENT_COLOR_NAME = AccentColor;
				CODE_SIGN_STYLE = Automatic;
				CURRENT_PROJECT_VERSION = 1;
				DEVELOPMENT_TEAM = CH9XNR7DDC;
				GENERATE_INFOPLIST_FILE = YES;
				INFOPLIST_FILE = ShoppingApp/Info.plist;
				INFOPLIST_KEY_UIApplicationSupportsIndirectInputEvents = YES;
				INFOPLIST_KEY_UILaunchStoryboardName = LaunchScreen;
				INFOPLIST_KEY_UIMainStoryboardFile = LaunchScreen;
				INFOPLIST_KEY_UISupportedInterfaceOrientations_iPad = "UIInterfaceOrientationPortrait UIInterfaceOrientationPortraitUpsideDown UIInterfaceOrientationLandscapeLeft UIInterfaceOrientationLandscapeRight";
				INFOPLIST_KEY_UISupportedInterfaceOrientations_iPhone = "UIInterfaceOrientationPortrait UIInterfaceOrientationLandscapeLeft UIInterfaceOrientationLandscapeRight";
				LD_RUNPATH_SEARCH_PATHS = (
					"$(inherited)",
					"@executable_path/Frameworks",
				);
				MARKETING_VERSION = 1.0;
				PRODUCT_BUNDLE_IDENTIFIER = com.mani.ShoppingApp;
				PRODUCT_NAME = "$(TARGET_NAME)";
				SWIFT_EMIT_LOC_STRINGS = YES;
				SWIFT_VERSION = 5.0;
				TARGETED_DEVICE_FAMILY = "1,2";
			};
			name = Debug;
		};
		80707A5F2711A37D00C2ABC9 /* Release */ = {
			isa = XCBuildConfiguration;
			baseConfigurationReference = 9E839F06E4AE29CEDEE330BB /* Pods-ShoppingApp.release.xcconfig */;
			buildSettings = {
				ASSETCATALOG_COMPILER_APPICON_NAME = AppIcon;
				ASSETCATALOG_COMPILER_GLOBAL_ACCENT_COLOR_NAME = AccentColor;
				CODE_SIGN_STYLE = Automatic;
				CURRENT_PROJECT_VERSION = 1;
				DEVELOPMENT_TEAM = CH9XNR7DDC;
				GENERATE_INFOPLIST_FILE = YES;
				INFOPLIST_FILE = ShoppingApp/Info.plist;
				INFOPLIST_KEY_UIApplicationSupportsIndirectInputEvents = YES;
				INFOPLIST_KEY_UILaunchStoryboardName = LaunchScreen;
				INFOPLIST_KEY_UIMainStoryboardFile = LaunchScreen;
				INFOPLIST_KEY_UISupportedInterfaceOrientations_iPad = "UIInterfaceOrientationPortrait UIInterfaceOrientationPortraitUpsideDown UIInterfaceOrientationLandscapeLeft UIInterfaceOrientationLandscapeRight";
				INFOPLIST_KEY_UISupportedInterfaceOrientations_iPhone = "UIInterfaceOrientationPortrait UIInterfaceOrientationLandscapeLeft UIInterfaceOrientationLandscapeRight";
				LD_RUNPATH_SEARCH_PATHS = (
					"$(inherited)",
					"@executable_path/Frameworks",
				);
				MARKETING_VERSION = 1.0;
				PRODUCT_BUNDLE_IDENTIFIER = com.mani.ShoppingApp;
				PRODUCT_NAME = "$(TARGET_NAME)";
				SWIFT_EMIT_LOC_STRINGS = YES;
				SWIFT_VERSION = 5.0;
				TARGETED_DEVICE_FAMILY = "1,2";
			};
			name = Release;
		};
/* End XCBuildConfiguration section */

/* Begin XCConfigurationList section */
		80707A442711A37B00C2ABC9 /* Build configuration list for PBXProject "ShoppingApp" */ = {
			isa = XCConfigurationList;
			buildConfigurations = (
				80707A5B2711A37D00C2ABC9 /* Debug */,
				80707A5C2711A37D00C2ABC9 /* Release */,
			);
			defaultConfigurationIsVisible = 0;
			defaultConfigurationName = Release;
		};
		80707A5D2711A37D00C2ABC9 /* Build configuration list for PBXNativeTarget "ShoppingApp" */ = {
			isa = XCConfigurationList;
			buildConfigurations = (
				80707A5E2711A37D00C2ABC9 /* Debug */,
				80707A5F2711A37D00C2ABC9 /* Release */,
			);
			defaultConfigurationIsVisible = 0;
			defaultConfigurationName = Release;
		};
/* End XCConfigurationList section */
	};
	rootObject = 80707A412711A37B00C2ABC9 /* Project object */;
}
